
Microsoft Visual Studio Solution File, Format Version 12.00
# Visual Studio Version 17
VisualStudioVersion = 17.8.34511.84
MinimumVisualStudioVersion = 10.0.40219.1
Project("{FAE04EC0-301F-11D3-BF4B-00C04F79EFBC}") = "Week5Lesson27", "Week5Lesson27.csproj", "{EC6DD7F5-6D7B-4615-9525-3BA4894866A2}"
EndProject
Global
	GlobalSection(SolutionConfigurationPlatforms) = preSolution
		Debug|Any CPU = Debug|Any CPU
		Release|Any CPU = Release|Any CPU
	EndGlobalSection
	GlobalSection(ProjectConfigurationPlatforms) = postSolution
		{EC6DD7F5-6D7B-4615-9525-3BA4894866A2}.Debug|Any CPU.ActiveCfg = Debug|Any CPU
		{EC6DD7F5-6D7B-4615-9525-3BA4894866A2}.Debug|Any CPU.Build.0 = Debug|Any CPU
		{EC6DD7F5-6D7B-4615-9525-3BA4894866A2}.Release|Any CPU.ActiveCfg = Release|Any CPU
		{EC6DD7F5-6D7B-4615-9525-3BA4894866A2}.Release|Any CPU.Build.0 = Release|Any CPU
	EndGlobalSection
	GlobalSection(SolutionProperties) = preSolution
		HideSolutionNode = FALSE
	EndGlobalSection
	GlobalSection(ExtensibilityGlobals) = postSolution
		SolutionGuid = {E543A8E5-A186-4A44-85E2-8C961F21A091}
	EndGlobalSection
EndGlobal
